
Microsoft Visual Studio Solution File, Format Version 12.00
# Visual Studio Version 17
VisualStudioVersion = 17.2.32630.192
MinimumVisualStudioVersion = 10.0.40219.1
Project("{FAE04EC0-301F-11D3-BF4B-00C04F79EFBC}") = "SamArmTem", "SamArmTem\SamArmTem.csproj", "{272829E1-A8EE-4B1A-946A-CA9ED2E26DD3}"
EndProject
Project("{151D2E53-A2C4-4D7D-83FE-D05416EBD58E}") = "SamArmTem.Templates", "SamArmTem.Templates\SamArmTem.Templates.deployproj", "{A52E92FF-1526-4D66-BF3A-030930481940}"
EndProject
Global
	GlobalSection(SolutionConfigurationPlatforms) = preSolution
		Debug|Any CPU = Debug|Any CPU
		Release|Any CPU = Release|Any CPU
	EndGlobalSection
	GlobalSection(ProjectConfigurationPlatforms) = postSolution
		{272829E1-A8EE-4B1A-946A-CA9ED2E26DD3}.Debug|Any CPU.ActiveCfg = Debug|Any CPU
		{272829E1-A8EE-4B1A-946A-CA9ED2E26DD3}.Debug|Any CPU.Build.0 = Debug|Any CPU
		{272829E1-A8EE-4B1A-946A-CA9ED2E26DD3}.Release|Any CPU.ActiveCfg = Release|Any CPU
		{272829E1-A8EE-4B1A-946A-CA9ED2E26DD3}.Release|Any CPU.Build.0 = Release|Any CPU
		{A52E92FF-1526-4D66-BF3A-030930481940}.Debug|Any CPU.ActiveCfg = Debug|Any CPU
		{A52E92FF-1526-4D66-BF3A-030930481940}.Debug|Any CPU.Build.0 = Debug|Any CPU
		{A52E92FF-1526-4D66-BF3A-030930481940}.Release|Any CPU.ActiveCfg = Release|Any CPU
		{A52E92FF-1526-4D66-BF3A-030930481940}.Release|Any CPU.Build.0 = Release|Any CPU
	EndGlobalSection
	GlobalSection(SolutionProperties) = preSolution
		HideSolutionNode = FALSE
	EndGlobalSection
	GlobalSection(ExtensibilityGlobals) = postSolution
		SolutionGuid = {D16D0DFE-FCB2-4531-99ED-1FFFE73F197A}
	EndGlobalSection
EndGlobal
